
Microsoft Visual Studio Solution File, Format Version 12.00
# Visual Studio Version 17
VisualStudioVersion = 17.13.35828.75 d17.13
MinimumVisualStudioVersion = 10.0.40219.1
Project("{FAE04EC0-301F-11D3-BF4B-00C04F79EFBC}") = "BedrockFramework", "BedrockFramework.csproj", "{0F6123EC-0443-4E65-B46F-6AB3B9C0C983}"
EndProject
Global
	GlobalSection(SolutionConfigurationPlatforms) = preSolution
		Debug|Any CPU = Debug|Any CPU
		Release|Any CPU = Release|Any CPU
	EndGlobalSection
	GlobalSection(ProjectConfigurationPlatforms) = postSolution
		{0F6123EC-0443-4E65-B46F-6AB3B9C0C983}.Debug|Any CPU.ActiveCfg = Debug|Any CPU
		{0F6123EC-0443-4E65-B46F-6AB3B9C0C983}.Debug|Any CPU.Build.0 = Debug|Any CPU
		{0F6123EC-0443-4E65-B46F-6AB3B9C0C983}.Release|Any CPU.ActiveCfg = Release|Any CPU
		{0F6123EC-0443-4E65-B46F-6AB3B9C0C983}.Release|Any CPU.Build.0 = Release|Any CPU
	EndGlobalSection
	GlobalSection(SolutionProperties) = preSolution
		HideSolutionNode = FALSE
	EndGlobalSection
	GlobalSection(ExtensibilityGlobals) = postSolution
		SolutionGuid = {043D0557-8A9F-43D1-864C-B15D62990FAC}
	EndGlobalSection
EndGlobal
